{
  "nodes": {
    "catppuccin": {
      "inputs": {
        "nixpkgs": "nixpkgs"
      },
      "locked": {
        "lastModified": 1789553013,
        "narHash": "sha256-W5dvgFOuVs24X3G5tUb8C2IHU7ICXNvyGPiWWFjfbuo=",
        "owner": "catppuccin",
        "repo": "nix",
        "rev": "89b3eacf59d6b5eefbc2d69c3a4eb5aaf66d63bc",
        "type": "github"
      },
      "original": {
        "owner": "catppuccin",
        "repo": "nix",
        "type": "github"
      }
    },
    "crane": {
      "locked": {
        "lastModified": 1781825982,
        "narHash": "sha256-SlXKwIRIhrOSAcTjCB3ftPLzJWZStQIPS7J1FlZPnKk=",
        "owner": "ipetkov",
        "repo": "crane",
        "rev": "469fd08d0bcf6926321fa973c6777fbc87785dd7",
        "type": "github"
      },
      "original": {
        "owner": "ipetkov",
        "repo": "crane",
        "type": "github"
      }
    },
    "den-overlays": {
      "inputs": {
        "flake-parts": [
          "flake-parts"
        ],
        "nix-effects": "nix-effects",
        "nixpkgs": [
          "nixpkgs"
        ]
      },
      "locked": {
        "lastModified": 1787043570,
        "narHash": "sha256-RfZeVTjewLAwVM1mnh1baZl89NzvxssMyUm5aPU/pLM=",
        "owner": "ulic-youthlic",
        "repo": "den-overlays",
        "rev": "b044b9bb193182e5ffc053f97f2daca7b29e1b14",
        "type": "github"
      },
      "original": {
        "owner": "ulic-youthlic",
        "repo": "den-overlays",
        "type": "github"
      }
    },
    "deploy-rs": {
      "inputs": {
        "flake-compat": "flake-compat",
        "nixpkgs": [
          "nixpkgs"
        ],
        "utils": "utils"
      },
      "locked": {
        "lastModified": 1790635598,
        "narHash": "sha256-MHycJ+rm2wMrhiO6emgqJUaUbhJU/AvdH8DyUVrU1dw=",
        "owner": "serokell",
        "repo": "deploy-rs",
        "rev": "cf64c8cbadd9b13ea79ba7720aa2930500f2ece7",
        "type": "github"
      },
      "original": {
        "owner": "serokell",
        "repo": "deploy-rs",
        "type": "github"
      }
    },
    "disko": {
      "inputs": {
        "nixpkgs": [
          "nixpkgs"
        ]
      },
      "locked": {
        "lastModified": 1789770686,
        "narHash": "sha256-uZkBR7yHdIKUFB5SZdfgh1qkGfI3XmYmI/lTiquxbck=",
        "owner": "nix-community",
        "repo": "disko",
        "rev": "725ea35e410ad83be4931d1bff7e090eacaf3563",
        "type": "github"
      },
      "original": {
        "owner": "nix-community",
        "repo": "disko",
        "type": "github"
      }
    },
    "fcitx5-vinput": {
      "inputs": {
        "nixpkgs": "nixpkgs_2",
        "sherpa-onnx": "sherpa-onnx"
      },
      "locked": {
        "lastModified": 1790419496,
        "narHash": "sha256-fwTAI1Ee1l2oRDsazG0lEsUw90auc5y842caSNTq3kk=",
        "owner": "xifan2333",
        "repo": "fcitx5-vinput",
        "rev": "cd59da9d82f0cb4c9a9f789ff044c956174a8b0d",
        "type": "github"
      },
      "original": {
        "owner": "xifan2333",
        "repo": "fcitx5-vinput",
        "type": "github"
      }
    },
    "flake-compat": {
      "flake": false,
      "locked": {
        "lastModified": 1733328505,
        "narHash": "sha256-NeCCThCEP3eCl2l/+27kNNK7QrwZB1IJCrXfrbv5oqU=",
        "owner": "edolstra",
        "repo": "flake-compat",
        "rev": "ff81ac966bb2cae68946d5ed5fc4994f96d0ffec",
        "type": "github"
      },
      "original": {
        "owner": "edolstra",
        "repo": "flake-compat",
        "type": "github"
      }
    },
    "flake-compat_2": {
      "flake": false,
      "locked": {
        "lastModified": 1767039857,
        "narHash": "sha256-vNpUSpF5Nuw8xvDLj2KCwwksIbjua2LZCqhV1LNRDns=",
        "owner": "NixOS",
        "repo": "flake-compat",
        "rev": "5edf11c44bc78a0d334f6334cdaf7d60d732daab",
        "type": "github"
      },
      "original": {
        "owner": "NixOS",
        "repo": "flake-compat",
        "type": "github"
      }
    },
    "flake-compat_3": {
      "flake": false,
      "locked": {
        "lastModified": 1767039857,
        "narHash": "sha256-vNpUSpF5Nuw8xvDLj2KCwwksIbjua2LZCqhV1LNRDns=",
        "owner": "NixOS",
        "repo": "flake-compat",
        "rev": "5edf11c44bc78a0d334f6334cdaf7d60d732daab",
        "type": "github"
      },
      "original": {
        "owner": "NixOS",
        "repo": "flake-compat",
        "type": "github"
      }
    },
    "flake-parts": {
      "inputs": {
        "nixpkgs-lib": [
          "den-overlays",
          "nix-effects",
          "nix-unit",
          "nixpkgs"
        ]
      },
      "locked": {
        "lastModified": 1772408722,
        "narHash": "sha256-rHuJtdcOjK7rAHpHphUb1iCvgkU3GpfvicLMwwnfMT0=",
        "owner": "hercules-ci",
        "repo": "flake-parts",
        "rev": "f20dc5d9b8027381c474144ecabc9034d6a839a3",
        "type": "github"
      },
      "original": {
        "owner": "hercules-ci",
        "repo": "flake-parts",
        "type": "github"
      }
    },
    "flake-parts_2": {
      "inputs": {
        "nixpkgs-lib": [
          "nixpkgs"
        ]
      },
      "locked": {
        "lastModified": 1788450739,
        "narHash": "sha256-glZLQlzIn1fXH6PazR2iUmTo7kzzyYSshrWhLS9TqCU=",
        "owner": "hercules-ci",
        "repo": "flake-parts",
        "rev": "31729ca8cbdb4fa927b34e5f4353e6a83f39e993",
        "type": "github"
      },
      "original": {
        "owner": "hercules-ci",
        "repo": "flake-parts",
        "type": "github"
      }
    },
    "flake-parts_3": {
      "inputs": {
        "nixpkgs-lib": [
          "nur",
          "nixpkgs"
        ]
      },
      "locked": {
        "lastModified": 1733312601,
        "narHash": "sha256-4pDvzqnegAfRkPwO3wmwBhVi/Sye1mzps0zHWYnP88c=",
        "owner": "hercules-ci",
        "repo": "flake-parts",
        "rev": "205b12d8b7cd4802fbcb8e8ef6a0f1408781a4f9",
        "type": "github"
      },
      "original": {
        "owner": "hercules-ci",
        "repo": "flake-parts",
        "type": "github"
      }
    },
    "gitignore": {
      "inputs": {
        "nixpkgs": [
          "lanzaboote",
          "pre-commit",
          "nixpkgs"
        ]
      },
      "locked": {
        "lastModified": 1709087332,
        "narHash": "sha256-HG2cCnktfHsKV0s4XW83gU3F57gaTljL9KNSuG6bnQs=",
        "owner": "hercules-ci",
        "repo": "gitignore.nix",
        "rev": "637db329424fd7e46cf4185293b9cc8c88c95394",
        "type": "github"
      },
      "original": {
        "owner": "hercules-ci",
        "repo": "gitignore.nix",
        "type": "github"
      }
    },
    "helium-nix": {
      "inputs": {
        "nixpkgs": "nixpkgs_3"
      },
      "locked": {
        "lastModified": 1790266766,
        "narHash": "sha256-SluHVbDdDWVdHL7XEmYFwt5iQw9jeXWyGX3gzG1DrOM=",
        "owner": "tomsch",
        "repo": "helium-nix",
        "rev": "01a8d02530253943b5fb9252d4b6882ddff864be",
        "type": "github"
      },
      "original": {
        "owner": "tomsch",
        "repo": "helium-nix",
        "type": "github"
      }
    },
    "home-manager": {
      "inputs": {
        "nixpkgs": [
          "nixpkgs"
        ]
      },
      "locked": {
        "lastModified": 1790742230,
        "narHash": "sha256-5399J1/O3DyLSsYGVa950JtOUDB9Reqvy7FhfDuTVzk=",
        "owner": "nix-community",
        "repo": "home-manager",
        "rev": "0aefa652eb6fd8b7396af25e8c81cb0790f12cc2",
        "type": "github"
      },
      "original": {
        "owner": "nix-community",
        "repo": "home-manager",
        "type": "github"
      }
    },
    "lanzaboote": {
      "inputs": {
        "crane": "crane",
        "nixpkgs": "nixpkgs_4",
        "pre-commit": "pre-commit",
        "rust-overlay": "rust-overlay"
      },
      "locked": {
        "lastModified": 1782141370,
        "narHash": "sha256-hqijVSEETttmo8Okql9/LG0Ua34hdciKW1a5zzlj8mU=",
        "owner": "nix-community",
        "repo": "lanzaboote",
        "rev": "7c9a54a7f87b4539ddbd8bda09a8a5f5f9361aa9",
        "type": "github"
      },
      "original": {
        "owner": "nix-community",
        "ref": "v1.1.0",
        "repo": "lanzaboote",
        "type": "github"
      }
    },
    "niri": {
      "inputs": {
        "nixpkgs": [
          "nixpkgs"
        ]
      },
      "locked": {
        "lastModified": 1790353586,
        "narHash": "sha256-oEvDG8PTqiy6lvKKWj9D+XZyPzYcl4rm5Qs7qKR0pSk=",
        "owner": "niri-wm",
        "repo": "niri",
        "rev": "1f03391ea644c2a43597de7f637269e26d1e1b49",
        "type": "github"
      },
      "original": {
        "owner": "niri-wm",
        "repo": "niri",
        "type": "github"
      }
    },
    "nix-cachyos-kernel": {
      "inputs": {
        "flake-compat": "flake-compat_3",
        "flake-parts": [
          "flake-parts"
        ],
        "nixpkgs": "nixpkgs_5"
      },
      "locked": {
        "lastModified": 1790564970,
        "narHash": "sha256-ANcKKTLB5oitjAYPp+iWts5clpbowVbDPVvt03P7Hes=",
        "owner": "xddxdd",
        "repo": "nix-cachyos-kernel",
        "rev": "b1332396df6e880d7e3b6b451c6a74132ce8cf66",
        "type": "github"
      },
      "original": {
        "owner": "xddxdd",
        "ref": "release",
        "repo": "nix-cachyos-kernel",
        "type": "github"
      }
    },
    "nix-effects": {
      "inputs": {
        "nix-unit": "nix-unit",
        "nixpkgs": [
          "den-overlays",
          "nixpkgs"
        ]
      },
      "locked": {
        "lastModified": 1778686186,
        "narHash": "sha256-oxjrcHFSV2+Rxg4LE4Hupa5HjleTvU1Ir6jp5SburLE=",
        "owner": "denful",
        "repo": "nix-effects",
        "rev": "c3c68a45deb892d028711eeff8b80937e30a90dd",
        "type": "github"
      },
      "original": {
        "owner": "denful",
        "repo": "nix-effects",
        "type": "github"
      }
    },
    "nix-kdl": {
      "locked": {
        "lastModified": 1788764683,
        "narHash": "sha256-oO5FvEOKmMizu9ZNRR6gBu7VMeQ8stT0aF5654ONETc=",
        "owner": "Lhcfl",
        "repo": "nix-kdl",
        "rev": "a0016adcf0e4a373962c92f87e6ff5398c283cf2",
        "type": "github"
      },
      "original": {
        "owner": "Lhcfl",
        "repo": "nix-kdl",
        "type": "github"
      }
    },
    "nix-unit": {
      "inputs": {
        "flake-parts": "flake-parts",
        "nix-github-actions": [
          "den-overlays",
          "nix-effects"
        ],
        "nixpkgs": [
          "den-overlays",
          "nix-effects",
          "nixpkgs"
        ],
        "treefmt-nix": [
          "den-overlays",
          "nix-effects"
        ]
      },
      "locked": {
        "lastModified": 1762774186,
        "narHash": "sha256-hRADkHjNt41+JUHw2EiSkMaL4owL83g5ZppjYUdF/Dc=",
        "owner": "nix-community",
        "repo": "nix-unit",
        "rev": "1c9ab50554eed0b768f9e5b6f646d63c9673f0f7",
        "type": "github"
      },
      "original": {
        "owner": "nix-community",
        "repo": "nix-unit",
        "type": "github"
      }
    },
    "nixos-hardware": {
      "inputs": {
        "nixpkgs": "nixpkgs_6"
      },
      "locked": {
        "lastModified": 1790722812,
        "narHash": "sha256-XwFt1uLyaBCQU1/nUeGqeBnqNXPVgGRnz20YVYdmF6Y=",
        "owner": "NixOS",
        "repo": "nixos-hardware",
        "rev": "06f9ecaea5f64b6ff61cf42cb32f21621c4fa14a",
        "type": "github"
      },
      "original": {
        "owner": "NixOS",
        "ref": "master",
        "repo": "nixos-hardware",
        "type": "github"
      }
    },
    "nixpkgs": {
      "locked": {
        "lastModified": 1789044656,
        "narHash": "sha256-sDGcZgdRVR58ceKz0RmkBtdUomBvu5vzbf6Aw5rUCo0=",
        "rev": "1927682e0d808b4a695910f76562b11e2ddecab4",
        "type": "tarball",
        "url": "https://releases.nixos.org/nixpkgs/nixpkgs-26.11pre1070934.1927682e0d80/nixexprs.tar.xz"
      },
      "original": {
        "type": "tarball",
        "url": "https://channels.nixos.org/nixpkgs-unstable/nixexprs.tar.xz"
      }
    },
    "nixpkgs-multiverse": {
      "locked": {
        "lastModified": 1790703929,
        "narHash": "sha256-TCK6JcLvvOD/X1tmnN4cPrlEzbPSNwzf0maWMzyly9c=",
        "owner": "fzakaria",
        "repo": "nixpkgs-multiverse",
        "rev": "35a0086e18927ccffe28ab7076986fa1bc87b6ac",
        "type": "github"
      },
      "original": {
        "owner": "fzakaria",
        "repo": "nixpkgs-multiverse",
        "type": "github"
      }
    },
    "nixpkgs-patch-cuda-fix": {
      "flake": false,
      "locked": {
        "narHash": "sha256-rKrkHYMGSrzMHqGh+XvTwXMAGBNAMly4cmFQJt9EByc=",
        "type": "file",
        "url": "https://github.com/Nixos/nixpkgs/pull/568318.patch"
      },
      "original": {
        "type": "file",
        "url": "https://github.com/Nixos/nixpkgs/pull/568318.patch"
      }
    },
    "nixpkgs-patcher": {
      "locked": {
        "lastModified": 1789143781,
        "narHash": "sha256-WFr3wYdhSEJd/nQyJuETd6dcS08Exc+qoZWJ2tHM/gg=",
        "owner": "gepbird",
        "repo": "nixpkgs-patcher",
        "rev": "da7c09e478f552c3a9ebb78b2f68426c1855fd81",
        "type": "github"
      },
      "original": {
        "owner": "gepbird",
        "repo": "nixpkgs-patcher",
        "type": "github"
      }
    },
    "nixpkgs_10": {
      "locked": {
        "lastModified": 1770107345,
        "narHash": "sha256-tbS0Ebx2PiA1FRW8mt8oejR0qMXmziJmPaU1d4kYY9g=",
        "owner": "nixos",
        "repo": "nixpkgs",
        "rev": "4533d9293756b63904b7238acb84ac8fe4c8c2c4",
        "type": "github"
      },
      "original": {
        "owner": "nixos",
        "ref": "nixpkgs-unstable",
        "repo": "nixpkgs",
        "type": "github"
      }
    },
    "nixpkgs_2": {
      "locked": {
        "lastModified": 1789785513,
        "narHash": "sha256-B44WL6h0XoLjJ41bUPJk0X5SDinLCII//6EcBLXKiJ0=",
        "owner": "nixos",
        "repo": "nixpkgs",
        "rev": "20b1ddd1aa5ace70c9468305030aa4f9ef79671b",
        "type": "github"
      },
      "original": {
        "owner": "nixos",
        "ref": "nixos-unstable",
        "repo": "nixpkgs",
        "type": "github"
      }
    },
    "nixpkgs_3": {
      "locked": {
        "lastModified": 1776169885,
        "narHash": "sha256-l/iNYDZ4bGOAFQY2q8y5OAfBBtrDAaPuRQqWaFHVRXM=",
        "owner": "NixOS",
        "repo": "nixpkgs",
        "rev": "4bd9165a9165d7b5e33ae57f3eecbcb28fb231c9",
        "type": "github"
      },
      "original": {
        "owner": "NixOS",
        "ref": "nixos-unstable",
        "repo": "nixpkgs",
        "type": "github"
      }
    },
    "nixpkgs_4": {
      "locked": {
        "lastModified": 1781577229,
        "narHash": "sha256-lrp67w8AulE9Ks53n27I45ADSzbOCn4H+CNW1Ck8B+8=",
        "owner": "NixOS",
        "repo": "nixpkgs",
        "rev": "567a49d1913ce81ac6e9582e3553dd90a955875f",
        "type": "github"
      },
      "original": {
        "owner": "NixOS",
        "ref": "nixos-unstable",
        "repo": "nixpkgs",
        "type": "github"
      }
    },
    "nixpkgs_5": {
      "locked": {
        "lastModified": 1790505892,
        "narHash": "sha256-/pAz2XfqHS//WRn2xRjoqes7Z92qZ0Q1gufZZ3PtuwA=",
        "owner": "NixOS",
        "repo": "nixpkgs",
        "rev": "545c226a9af7f59fba5c3873f7c6a65e014c8f5f",
        "type": "github"
      },
      "original": {
        "owner": "NixOS",
        "ref": "nixos-unstable-small",
        "repo": "nixpkgs",
        "type": "github"
      }
    },
    "nixpkgs_6": {
      "locked": {
        "lastModified": 1789546076,
        "narHash": "sha256-vWkSk5bbfTqdtMoSgD9FshACO8JCvXTFi+3cqEp0mH0=",
        "rev": "b1b875982b17dabde9b4a37f3e229e74913e6db3",
        "type": "tarball",
        "url": "https://releases.nixos.org/nixos/unstable/nixos-26.11pre1074753.b1b875982b17/nixexprs.tar.xz"
      },
      "original": {
        "type": "tarball",
        "url": "https://channels.nixos.org/nixos-unstable/nixexprs.tar.xz"
      }
    },
    "nixpkgs_7": {
      "locked": {
        "lastModified": 1790689126,
        "narHash": "sha256-VyUI5WA3WdOB9kjb04A0pxE6XTWC6cG95ZkoPSv58F0=",
        "rev": "b4fd65b198c599cbe814fcb9f42d25d021595ec9",
        "type": "tarball",
        "url": "https://releases.nixos.org/nixos/unstable/nixos-26.11pre1082427.b4fd65b198c5/nixexprs.tar.zst"
      },
      "original": {
        "type": "tarball",
        "url": "https://channels.nixos.org/nixos-unstable/nixexprs.tar.zst"
      }
    },
    "nixpkgs_8": {
      "locked": {
        "lastModified": 1790689126,
        "narHash": "sha256-ilerN1WLSvF+HMjziC/Wv99J5y02maDH+6hZPwsORKg=",
        "owner": "nixos",
        "repo": "nixpkgs",
        "rev": "b4fd65b198c599cbe814fcb9f42d25d021595ec9",
        "type": "github"
      },
      "original": {
        "owner": "nixos",
        "ref": "nixos-unstable",
        "repo": "nixpkgs",
        "type": "github"
      }
    },
    "nixpkgs_9": {
      "locked": {
        "lastModified": 1790463110,
        "narHash": "sha256-VZHcT2wKLkApBCACQ2SH4P1jVZUbbOA7jWAGi1MIViw=",
        "rev": "e158d9ed9b51c98974c5e66e1ba1c9e0255fecaa",
        "type": "tarball",
        "url": "https://releases.nixos.org/nixos/unstable/nixos-26.11pre1080189.e158d9ed9b51/nixexprs.tar.xz"
      },
      "original": {
        "type": "tarball",
        "url": "https://channels.nixos.org/nixos-unstable/nixexprs.tar.xz"
      }
    },
    "noctalia": {
      "inputs": {
        "nixpkgs": [
          "nixpkgs"
        ]
      },
      "locked": {
        "lastModified": 1790718664,
        "narHash": "sha256-LWil4xgSyqIFZ9sydvL1glFOoiqAOknWUwykC4sqxuY=",
        "owner": "noctalia-dev",
        "repo": "noctalia-shell",
        "rev": "fd9759c892fe5034b682c185695f1bee121cd5b3",
        "type": "github"
      },
      "original": {
        "owner": "noctalia-dev",
        "repo": "noctalia-shell",
        "type": "github"
      }
    },
    "nur": {
      "inputs": {
        "flake-parts": "flake-parts_3",
        "nixpkgs": "nixpkgs_8"
      },
      "locked": {
        "lastModified": 1790764562,
        "narHash": "sha256-OdYEi1ReX5z8G2OOlVlSktufg58tP0JJPnqR+vdsEmo=",
        "owner": "nix-community",
        "repo": "NUR",
        "rev": "051f286228873c18695e245c2bd0dd21a8cd4952",
        "type": "github"
      },
      "original": {
        "owner": "nix-community",
        "repo": "NUR",
        "type": "github"
      }
    },
    "pre-commit": {
      "inputs": {
        "flake-compat": "flake-compat_2",
        "gitignore": "gitignore",
        "nixpkgs": [
          "lanzaboote",
          "nixpkgs"
        ]
      },
      "locked": {
        "lastModified": 1781733627,
        "narHash": "sha256-U3yTuGBnmXvXoQI3qkpfEDsn9RovQPAjN7ndRco+3u0=",
        "owner": "cachix",
        "repo": "pre-commit-hooks.nix",
        "rev": "3bbec39bc90eadfa031e6f3b77272f3f60803e39",
        "type": "github"
      },
      "original": {
        "owner": "cachix",
        "repo": "pre-commit-hooks.nix",
        "type": "github"
      }
    },
    "root": {
      "inputs": {
        "catppuccin": "catppuccin",
        "den-overlays": "den-overlays",
        "deploy-rs": "deploy-rs",
        "disko": "disko",
        "fcitx5-vinput": "fcitx5-vinput",
        "flake-parts": "flake-parts_2",
        "helium-nix": "helium-nix",
        "home-manager": "home-manager",
        "lanzaboote": "lanzaboote",
        "niri": "niri",
        "nix-cachyos-kernel": "nix-cachyos-kernel",
        "nix-kdl": "nix-kdl",
        "nixos-hardware": "nixos-hardware",
        "nixpkgs": "nixpkgs_7",
        "nixpkgs-multiverse": "nixpkgs-multiverse",
        "nixpkgs-patch-cuda-fix": "nixpkgs-patch-cuda-fix",
        "nixpkgs-patcher": "nixpkgs-patcher",
        "noctalia": "noctalia",
        "nur": "nur",
        "sops-nix": "sops-nix",
        "spicetify-nix": "spicetify-nix",
        "treefmt-nix": "treefmt-nix",
        "xwayland-satellite": "xwayland-satellite",
        "zen-browser": "zen-browser"
      }
    },
    "rust-overlay": {
      "inputs": {
        "nixpkgs": [
          "lanzaboote",
          "nixpkgs"
        ]
      },
      "locked": {
        "lastModified": 1782012058,
        "narHash": "sha256-9mWUnReOUXfKjZuJAL/bAFH3LUyECTRtXgSNVjRw3UY=",
        "owner": "oxalica",
        "repo": "rust-overlay",
        "rev": "8534567325bd8a8d2928e6afd81e0a87d19efd3c",
        "type": "github"
      },
      "original": {
        "owner": "oxalica",
        "repo": "rust-overlay",
        "type": "github"
      }
    },
    "rust-overlay_2": {
      "inputs": {
        "nixpkgs": [
          "xwayland-satellite",
          "nixpkgs"
        ]
      },
      "locked": {
        "lastModified": 1769222645,
        "narHash": "sha256-gu6oZ86zLudBZMq8LL1qdtYt/S69GV5keQVXdvBrVSU=",
        "owner": "oxalica",
        "repo": "rust-overlay",
        "rev": "22da29e7f3d8cff75009cbbcf992c7cb66920cfd",
        "type": "github"
      },
      "original": {
        "owner": "oxalica",
        "repo": "rust-overlay",
        "type": "github"
      }
    },
    "sherpa-onnx": {
      "inputs": {
        "nixpkgs": [
          "fcitx5-vinput",
          "nixpkgs"
        ]
      },
      "locked": {
        "lastModified": 1785564218,
        "narHash": "sha256-B1/qLagKXemMgyrmd7RqPEgz2polrZMUkeBT1dv3hso=",
        "owner": "xifan2333",
        "repo": "sherpa-onnx-flake",
        "rev": "a8ef134239c923420becfa6870538dcc8e9c8eb8",
        "type": "github"
      },
      "original": {
        "owner": "xifan2333",
        "repo": "sherpa-onnx-flake",
        "type": "github"
      }
    },
    "sops-nix": {
      "inputs": {
        "nixpkgs": [
          "nixpkgs"
        ]
      },
      "locked": {
        "lastModified": 1790498116,
        "narHash": "sha256-rs9meAYxW3zzrh43yaW7htrqCD+X9+pupDPHN86fumI=",
        "owner": "Mic92",
        "repo": "sops-nix",
        "rev": "5efb5a6f4f5ab192817d28557dd4d650fa14d866",
        "type": "github"
      },
      "original": {
        "owner": "Mic92",
        "repo": "sops-nix",
        "type": "github"
      }
    },
    "spicetify-nix": {
      "inputs": {
        "nixpkgs": "nixpkgs_9",
        "systems": "systems_2"
      },
      "locked": {
        "lastModified": 1790502898,
        "narHash": "sha256-eR6P8ZCyYqrdvuOANIOE78t4qqm6wSTBKLP/aW8nwJE=",
        "owner": "Gerg-L",
        "repo": "spicetify-nix",
        "rev": "d508ccfa23820d032589bd65345bf5b6d9ea842f",
        "type": "github"
      },
      "original": {
        "owner": "Gerg-L",
        "repo": "spicetify-nix",
        "type": "github"
      }
    },
    "systems": {
      "locked": {
        "lastModified": 1681028828,
        "narHash": "sha256-Vy1rq5AaRuLzOxct8nz4T6wlgyUR7zLU309k9mBC768=",
        "owner": "nix-systems",
        "repo": "default",
        "rev": "da67096a3b9bf56a91d16901293e51ba5b49a27e",
        "type": "github"
      },
      "original": {
        "owner": "nix-systems",
        "repo": "default",
        "type": "github"
      }
    },
    "systems_2": {
      "locked": {
        "lastModified": 1681028828,
        "narHash": "sha256-Vy1rq5AaRuLzOxct8nz4T6wlgyUR7zLU309k9mBC768=",
        "owner": "nix-systems",
        "repo": "default",
        "rev": "da67096a3b9bf56a91d16901293e51ba5b49a27e",
        "type": "github"
      },
      "original": {
        "owner": "nix-systems",
        "repo": "default",
        "type": "github"
      }
    },
    "treefmt-nix": {
      "inputs": {
        "nixpkgs": "nixpkgs_10"
      },
      "locked": {
        "lastModified": 1786901030,
        "narHash": "sha256-WSFCsDSE5ffgD2MqzkM2CYjeFiKhRF/dJUN8uedb6YE=",
        "owner": "numtide",
        "repo": "treefmt-nix",
        "rev": "27b3b12a8e6375f28ebe122f07d230ca5459bbfa",
        "type": "github"
      },
      "original": {
        "owner": "numtide",
        "repo": "treefmt-nix",
        "type": "github"
      }
    },
    "utils": {
      "inputs": {
        "systems": "systems"
      },
      "locked": {
        "lastModified": 1731533236,
        "narHash": "sha256-l0KFg5HjrsfsO/JpG+r7fRrqm12kzFHyUHqHCVpMMbI=",
        "owner": "numtide",
        "repo": "flake-utils",
        "rev": "11707dc2f618dd54ca8739b309ec4fc024de578b",
        "type": "github"
      },
      "original": {
        "owner": "numtide",
        "repo": "flake-utils",
        "type": "github"
      }
    },
    "xwayland-satellite": {
      "inputs": {
        "nixpkgs": [
          "nixpkgs"
        ],
        "rust-overlay": "rust-overlay_2"
      },
      "locked": {
        "lastModified": 1790341322,
        "narHash": "sha256-FBRBINpTMhkhVm9irSqeWKmI8/QMyXcTRxHeCMVvxdc=",
        "owner": "Supreeeme",
        "repo": "xwayland-satellite",
        "rev": "63cdf17f17b4ee231ef862690048549f218e8e0e",
        "type": "github"
      },
      "original": {
        "owner": "Supreeeme",
        "repo": "xwayland-satellite",
        "type": "github"
      }
    },
    "zen-browser": {
      "inputs": {
        "home-manager": [
          "home-manager"
        ],
        "nixpkgs": [
          "nixpkgs"
        ]
      },
      "locked": {
        "lastModified": 1790742031,
        "narHash": "sha256-zno5kJyjkflDauJgy9NHyoHfhAr0S2kCCMEwaHJ0a6A=",
        "owner": "0xc000022070",
        "repo": "zen-browser-flake",
        "rev": "90424e159acc21e53ea76780a3ad9cb5acef7cba",
        "type": "github"
      },
      "original": {
        "owner": "0xc000022070",
        "repo": "zen-browser-flake",
        "type": "github"
      }
    }
  },
  "root": "root",
  "version": 7
}
